// !$*UTF8*$!
{
	archiveVersion = 1;
	classes = {
	};
	objectVersion = 50;
	objects = {

/* Begin PBXBuildFile section */
		8D8B80DF4B66532E7964D892 /* Pods_ExpenseTracker_ExpenseTrackerUITests.framework in Frameworks */ = {isa = PBXBuildFile; fileRef = DE609E2E50C8E927F7D76B26 /* Pods_ExpenseTracker_ExpenseTrackerUITests.framework */; };
		936C56E102776FC8D9046372 /* Pods_ExpenseTrackerTests.framework in Frameworks */ = {isa = PBXBuildFile; fileRef = 97F679CFF3C15AEE9435C492 /* Pods_ExpenseTrackerTests.framework */; };
		D645623D1F2F2F871A2DDCB5 /* Pods_ExpenseTracker.framework in Frameworks */ = {isa = PBXBuildFile; fileRef = 78CA0688C5931DD1567A361E /* Pods_ExpenseTracker.framework */; };
		E22C271926779E4300C7688F /* AppDelegate.swift in Sources */ = {isa = PBXBuildFile; fileRef = E22C271826779E4300C7688F /* AppDelegate.swift */; };
		E22C271B26779E4300C7688F /* SceneDelegate.swift in Sources */ = {isa = PBXBuildFile; fileRef = E22C271A26779E4300C7688F /* SceneDelegate.swift */; };
		E22C271D26779E4300C7688F /* HomeViewController.swift in Sources */ = {isa = PBXBuildFile; fileRef = E22C271C26779E4300C7688F /* HomeViewController.swift */; };
		E22C272326779E4300C7688F /* ExpenseTracker.xcdatamodeld in Sources */ = {isa = PBXBuildFile; fileRef = E22C272126779E4300C7688F /* ExpenseTracker.xcdatamodeld */; };
		E22C272526779E4700C7688F /* Assets.xcassets in Resources */ = {isa = PBXBuildFile; fileRef = E22C272426779E4700C7688F /* Assets.xcassets */; };
		E22C272826779E4700C7688F /* LaunchScreen.storyboard in Resources */ = {isa = PBXBuildFile; fileRef = E22C272626779E4700C7688F /* LaunchScreen.storyboard */; };
		E22C273326779E4700C7688F /* ExpenseTrackerTests.swift in Sources */ = {isa = PBXBuildFile; fileRef = E22C273226779E4700C7688F /* ExpenseTrackerTests.swift */; };
		E22C273E26779E4700C7688F /* ExpenseTrackerUITests.swift in Sources */ = {isa = PBXBuildFile; fileRef = E22C273D26779E4700C7688F /* ExpenseTrackerUITests.swift */; };
		E22C27592677A14900C7688F /* SettingsViewController.swift in Sources */ = {isa = PBXBuildFile; fileRef = E22C27582677A14900C7688F /* SettingsViewController.swift */; };
		E22C275B2677A15900C7688F /* AddExpenseViewController.swift in Sources */ = {isa = PBXBuildFile; fileRef = E22C275A2677A15900C7688F /* AddExpenseViewController.swift */; };
		E22C275D2677A16800C7688F /* StatisticsViewController.swift in Sources */ = {isa = PBXBuildFile; fileRef = E22C275C2677A16800C7688F /* StatisticsViewController.swift */; };
		E22C275F2677A22F00C7688F /* TabBarViewController.swift in Sources */ = {isa = PBXBuildFile; fileRef = E22C275E2677A22F00C7688F /* TabBarViewController.swift */; };
		E22C27612677A2C900C7688F /* ProfileViewController.swift in Sources */ = {isa = PBXBuildFile; fileRef = E22C27602677A2C900C7688F /* ProfileViewController.swift */; };
		E22C27632677A44100C7688F /* HomeView.swift in Sources */ = {isa = PBXBuildFile; fileRef = E22C27622677A44000C7688F /* HomeView.swift */; };
		E22C27652677A44D00C7688F /* SettingsView.swift in Sources */ = {isa = PBXBuildFile; fileRef = E22C27642677A44D00C7688F /* SettingsView.swift */; };
		E22C27672677A45A00C7688F /* StatisticsView.swift in Sources */ = {isa = PBXBuildFile; fileRef = E22C27662677A45A00C7688F /* StatisticsView.swift */; };
		E22C27692677A46500C7688F /* AddExpenseView.swift in Sources */ = {isa = PBXBuildFile; fileRef = E22C27682677A46500C7688F /* AddExpenseView.swift */; };
		E22C276B2677A47300C7688F /* ProfileView.swift in Sources */ = {isa = PBXBuildFile; fileRef = E22C276A2677A47300C7688F /* ProfileView.swift */; };
		E22C276D2677A7A500C7688F /* AddTransactionTableViewCellTableViewCell.swift in Sources */ = {isa = PBXBuildFile; fileRef = E22C276C2677A7A500C7688F /* AddTransactionTableViewCellTableViewCell.swift */; };
		E22C276F2677A82800C7688F /* CategoryViewController.swift in Sources */ = {isa = PBXBuildFile; fileRef = E22C276E2677A82800C7688F /* CategoryViewController.swift */; };
		E22C27712677A83000C7688F /* PaymentViewController.swift in Sources */ = {isa = PBXBuildFile; fileRef = E22C27702677A83000C7688F /* PaymentViewController.swift */; };
		E22C27732677A83800C7688F /* NotesViewController.swift in Sources */ = {isa = PBXBuildFile; fileRef = E22C27722677A83800C7688F /* NotesViewController.swift */; };
		E22C27752677A86E00C7688F /* LocationViewController.swift in Sources */ = {isa = PBXBuildFile; fileRef = E22C27742677A86E00C7688F /* LocationViewController.swift */; };
		E22C27772677A88D00C7688F /* CalenderViewController.swift in Sources */ = {isa = PBXBuildFile; fileRef = E22C27762677A88D00C7688F /* CalenderViewController.swift */; };
		E22C27792677A8B800C7688F /* ScannerViewController.swift in Sources */ = {isa = PBXBuildFile; fileRef = E22C27782677A8B800C7688F /* ScannerViewController.swift */; };
		E22C277B2677AAC000C7688F /* SettingsTableViewCell.swift in Sources */ = {isa = PBXBuildFile; fileRef = E22C277A2677AAC000C7688F /* SettingsTableViewCell.swift */; };
		E22C277D2677AC8A00C7688F /* CategoryView.swift in Sources */ = {isa = PBXBuildFile; fileRef = E22C277C2677AC8A00C7688F /* CategoryView.swift */; };
		E22C277F2677AD3600C7688F /* CategoriesTableViewCell.swift in Sources */ = {isa = PBXBuildFile; fileRef = E22C277E2677AD3600C7688F /* CategoriesTableViewCell.swift */; };
		E22C27812677AE1900C7688F /* PaymentView.swift in Sources */ = {isa = PBXBuildFile; fileRef = E22C27802677AE1900C7688F /* PaymentView.swift */; };
		E22C27832677AE3000C7688F /* PaymentTableViewCell.swift in Sources */ = {isa = PBXBuildFile; fileRef = E22C27822677AE3000C7688F /* PaymentTableViewCell.swift */; };
		E22C27852677AF9100C7688F /* NotesView.swift in Sources */ = {isa = PBXBuildFile; fileRef = E22C27842677AF9100C7688F /* NotesView.swift */; };
		E22C27872677AFC500C7688F /* LocationView.swift in Sources */ = {isa = PBXBuildFile; fileRef = E22C27862677AFC500C7688F /* LocationView.swift */; };
		E22C27892677B01000C7688F /* ResultsViewController.swift in Sources */ = {isa = PBXBuildFile; fileRef = E22C27882677B01000C7688F /* ResultsViewController.swift */; };
		E22C278C2677B05400C7688F /* GooglePlacesManager.swift in Sources */ = {isa = PBXBuildFile; fileRef = E22C278B2677B05400C7688F /* GooglePlacesManager.swift */; };
/* End PBXBuildFile section */

/* Begin PBXContainerItemProxy section */
		E22C272F26779E4700C7688F /* PBXContainerItemProxy */ = {
			isa = PBXContainerItemProxy;
			containerPortal = E22C270D26779E4300C7688F /* Project object */;
			proxyType = 1;
			remoteGlobalIDString = E22C271426779E4300C7688F;
			remoteInfo = ExpenseTracker;
		};
		E22C273A26779E4700C7688F /* PBXContainerItemProxy */ = {
			isa = PBXContainerItemProxy;
			containerPortal = E22C270D26779E4300C7688F /* Project object */;
			proxyType = 1;
			remoteGlobalIDString = E22C271426779E4300C7688F;
			remoteInfo = ExpenseTracker;
		};
/* End PBXContainerItemProxy section */

/* Begin PBXFileReference section */
		209081B6BA54BA5D6B61ACCF /* Pods-ExpenseTrackerTests.debug.xcconfig */ = {isa = PBXFileReference; includeInIndex = 1; lastKnownFileType = text.xcconfig; name = "Pods-ExpenseTrackerTests.debug.xcconfig"; path = "Target Support Files/Pods-ExpenseTrackerTests/Pods-ExpenseTrackerTests.debug.xcconfig"; sourceTree = "<group>"; };
		78CA0688C5931DD1567A361E /* Pods_ExpenseTracker.framework */ = {isa = PBXFileReference; explicitFileType = wrapper.framework; includeInIndex = 0; path = Pods_ExpenseTracker.framework; sourceTree = BUILT_PRODUCTS_DIR; };
		7B6EBC2528C0359014FC39F0 /* Pods-ExpenseTracker-ExpenseTrackerUITests.release.xcconfig */ = {isa = PBXFileReference; includeInIndex = 1; lastKnownFileType = text.xcconfig; name = "Pods-ExpenseTracker-ExpenseTrackerUITests.release.xcconfig"; path = "Target Support Files/Pods-ExpenseTracker-ExpenseTrackerUITests/Pods-ExpenseTracker-ExpenseTrackerUITests.release.xcconfig"; sourceTree = "<group>"; };
		97F679CFF3C15AEE9435C492 /* Pods_ExpenseTrackerTests.framework */ = {isa = PBXFileReference; explicitFileType = wrapper.framework; includeInIndex = 0; path = Pods_ExpenseTrackerTests.framework; sourceTree = BUILT_PRODUCTS_DIR; };
		BFD5663B15E454457D204B04 /* Pods-ExpenseTrackerTests.release.xcconfig */ = {isa = PBXFileReference; includeInIndex = 1; lastKnownFileType = text.xcconfig; name = "Pods-ExpenseTrackerTests.release.xcconfig"; path = "Target Support Files/Pods-ExpenseTrackerTests/Pods-ExpenseTrackerTests.release.xcconfig"; sourceTree = "<group>"; };
		CFB1DC48774CED700C45E7A2 /* Pods-ExpenseTracker-ExpenseTrackerUITests.debug.xcconfig */ = {isa = PBXFileReference; includeInIndex = 1; lastKnownFileType = text.xcconfig; name = "Pods-ExpenseTracker-ExpenseTrackerUITests.debug.xcconfig"; path = "Target Support Files/Pods-ExpenseTracker-ExpenseTrackerUITests/Pods-ExpenseTracker-ExpenseTrackerUITests.debug.xcconfig"; sourceTree = "<group>"; };
		D76774A7A3DAF3E03B6B90EF /* Pods-ExpenseTracker.release.xcconfig */ = {isa = PBXFileReference; includeInIndex = 1; lastKnownFileType = text.xcconfig; name = "Pods-ExpenseTracker.release.xcconfig"; path = "Target Support Files/Pods-ExpenseTracker/Pods-ExpenseTracker.release.xcconfig"; sourceTree = "<group>"; };
		DE609E2E50C8E927F7D76B26 /* Pods_ExpenseTracker_ExpenseTrackerUITests.framework */ = {isa = PBXFileReference; explicitFileType = wrapper.framework; includeInIndex = 0; path = Pods_ExpenseTracker_ExpenseTrackerUITests.framework; sourceTree = BUILT_PRODUCTS_DIR; };
		E22C271526779E4300C7688F /* ExpenseTracker.app */ = {isa = PBXFileReference; explicitFileType = wrapper.application; includeInIndex = 0; path = ExpenseTracker.app; sourceTree = BUILT_PRODUCTS_DIR; };
		E22C271826779E4300C7688F /* AppDelegate.swift */ = {isa = PBXFileReference; lastKnownFileType = sourcecode.swift; path = AppDelegate.swift; sourceTree = "<group>"; };
		E22C271A26779E4300C7688F /* SceneDelegate.swift */ = {isa = PBXFileReference; lastKnownFileType = sourcecode.swift; path = SceneDelegate.swift; sourceTree = "<group>"; };
		E22C271C26779E4300C7688F /* HomeViewController.swift */ = {isa = PBXFileReference; lastKnownFileType = sourcecode.swift; path = HomeViewController.swift; sourceTree = "<group>"; };
		E22C272226779E4300C7688F /* ExpenseTracker.xcdatamodel */ = {isa = PBXFileReference; lastKnownFileType = wrapper.xcdatamodel; path = ExpenseTracker.xcdatamodel; sourceTree = "<group>"; };
		E22C272426779E4700C7688F /* Assets.xcassets */ = {isa = PBXFileReference; lastKnownFileType = folder.assetcatalog; path = Assets.xcassets; sourceTree = "<group>"; };
		E22C272726779E4700C7688F /* Base */ = {isa = PBXFileReference; lastKnownFileType = file.storyboard; name = Base; path = Base.lproj/LaunchScreen.storyboard; sourceTree = "<group>"; };
		E22C272926779E4700C7688F /* Info.plist */ = {isa = PBXFileReference; lastKnownFileType = text.plist.xml; path = Info.plist; sourceTree = "<group>"; };
		E22C272E26779E4700C7688F /* ExpenseTrackerTests.xctest */ = {isa = PBXFileReference; explicitFileType = wrapper.cfbundle; includeInIndex = 0; path = ExpenseTrackerTests.xctest; sourceTree = BUILT_PRODUCTS_DIR; };
		E22C273226779E4700C7688F /* ExpenseTrackerTests.swift */ = {isa = PBXFileReference; lastKnownFileType = sourcecode.swift; path = ExpenseTrackerTests.swift; sourceTree = "<group>"; };
		E22C273426779E4700C7688F /* Info.plist */ = {isa = PBXFileReference; lastKnownFileType = text.plist.xml; path = Info.plist; sourceTree = "<group>"; };
		E22C273926779E4700C7688F /* ExpenseTrackerUITests.xctest */ = {isa = PBXFileReference; explicitFileType = wrapper.cfbundle; includeInIndex = 0; path = ExpenseTrackerUITests.xctest; sourceTree = BUILT_PRODUCTS_DIR; };
		E22C273D26779E4700C7688F /* ExpenseTrackerUITests.swift */ = {isa = PBXFileReference; lastKnownFileType = sourcecode.swift; path = ExpenseTrackerUITests.swift; sourceTree = "<group>"; };
		E22C273F26779E4700C7688F /* Info.plist */ = {isa = PBXFileReference; lastKnownFileType = text.plist.xml; path = Info.plist; sourceTree = "<group>"; };
		E22C27582677A14900C7688F /* SettingsViewController.swift */ = {isa = PBXFileReference; lastKnownFileType = sourcecode.swift; path = SettingsViewController.swift; sourceTree = "<group>"; };
		E22C275A2677A15900C7688F /* AddExpenseViewController.swift */ = {isa = PBXFileReference; lastKnownFileType = sourcecode.swift; path = AddExpenseViewController.swift; sourceTree = "<group>"; };
		E22C275C2677A16800C7688F /* StatisticsViewController.swift */ = {isa = PBXFileReference; lastKnownFileType = sourcecode.swift; path = StatisticsViewController.swift; sourceTree = "<group>"; };
		E22C275E2677A22F00C7688F /* TabBarViewController.swift */ = {isa = PBXFileReference; lastKnownFileType = sourcecode.swift; path = TabBarViewController.swift; sourceTree = "<group>"; };
		E22C27602677A2C900C7688F /* ProfileViewController.swift */ = {isa = PBXFileReference; lastKnownFileType = sourcecode.swift; path = ProfileViewController.swift; sourceTree = "<group>"; };
		E22C27622677A44000C7688F /* HomeView.swift */ = {isa = PBXFileReference; lastKnownFileType = sourcecode.swift; path = HomeView.swift; sourceTree = "<group>"; };
		E22C27642677A44D00C7688F /* SettingsView.swift */ = {isa = PBXFileReference; lastKnownFileType = sourcecode.swift; path = SettingsView.swift; sourceTree = "<group>"; };
		E22C27662677A45A00C7688F /* StatisticsView.swift */ = {isa = PBXFileReference; lastKnownFileType = sourcecode.swift; path = StatisticsView.swift; sourceTree = "<group>"; };
		E22C27682677A46500C7688F /* AddExpenseView.swift */ = {isa = PBXFileReference; lastKnownFileType = sourcecode.swift; path = AddExpenseView.swift; sourceTree = "<group>"; };
		E22C276A2677A47300C7688F /* ProfileView.swift */ = {isa = PBXFileReference; lastKnownFileType = sourcecode.swift; path = ProfileView.swift; sourceTree = "<group>"; };
		E22C276C2677A7A500C7688F /* AddTransactionTableViewCellTableViewCell.swift */ = {isa = PBXFileReference; lastKnownFileType = sourcecode.swift; path = AddTransactionTableViewCellTableViewCell.swift; sourceTree = "<group>"; };
		E22C276E2677A82800C7688F /* CategoryViewController.swift */ = {isa = PBXFileReference; lastKnownFileType = sourcecode.swift; path = CategoryViewController.swift; sourceTree = "<group>"; };
		E22C27702677A83000C7688F /* PaymentViewController.swift */ = {isa = PBXFileReference; lastKnownFileType = sourcecode.swift; path = PaymentViewController.swift; sourceTree = "<group>"; };
		E22C27722677A83800C7688F /* NotesViewController.swift */ = {isa = PBXFileReference; lastKnownFileType = sourcecode.swift; path = NotesViewController.swift; sourceTree = "<group>"; };
		E22C27742677A86E00C7688F /* LocationViewController.swift */ = {isa = PBXFileReference; lastKnownFileType = sourcecode.swift; path = LocationViewController.swift; sourceTree = "<group>"; };
		E22C27762677A88D00C7688F /* CalenderViewController.swift */ = {isa = PBXFileReference; lastKnownFileType = sourcecode.swift; path = CalenderViewController.swift; sourceTree = "<group>"; };
		E22C27782677A8B800C7688F /* ScannerViewController.swift */ = {isa = PBXFileReference; lastKnownFileType = sourcecode.swift; path = ScannerViewController.swift; sourceTree = "<group>"; };
		E22C277A2677AAC000C7688F /* SettingsTableViewCell.swift */ = {isa = PBXFileReference; lastKnownFileType = sourcecode.swift; path = SettingsTableViewCell.swift; sourceTree = "<group>"; };
		E22C277C2677AC8A00C7688F /* CategoryView.swift */ = {isa = PBXFileReference; lastKnownFileType = sourcecode.swift; path = CategoryView.swift; sourceTree = "<group>"; };
		E22C277E2677AD3600C7688F /* CategoriesTableViewCell.swift */ = {isa = PBXFileReference; lastKnownFileType = sourcecode.swift; path = CategoriesTableViewCell.swift; sourceTree = "<group>"; };
		E22C27802677AE1900C7688F /* PaymentView.swift */ = {isa = PBXFileReference; lastKnownFileType = sourcecode.swift; path = PaymentView.swift; sourceTree = "<group>"; };
		E22C27822677AE3000C7688F /* PaymentTableViewCell.swift */ = {isa = PBXFileReference; lastKnownFileType = sourcecode.swift; path = PaymentTableViewCell.swift; sourceTree = "<group>"; };
		E22C27842677AF9100C7688F /* NotesView.swift */ = {isa = PBXFileReference; lastKnownFileType = sourcecode.swift; path = NotesView.swift; sourceTree = "<group>"; };
		E22C27862677AFC500C7688F /* LocationView.swift */ = {isa = PBXFileReference; lastKnownFileType = sourcecode.swift; path = LocationView.swift; sourceTree = "<group>"; };
		E22C27882677B01000C7688F /* ResultsViewController.swift */ = {isa = PBXFileReference; lastKnownFileType = sourcecode.swift; path = ResultsViewController.swift; sourceTree = "<group>"; };
		E22C278B2677B05400C7688F /* GooglePlacesManager.swift */ = {isa = PBXFileReference; lastKnownFileType = sourcecode.swift; path = GooglePlacesManager.swift; sourceTree = "<group>"; };
		E25760D27D6791ADA605D2F8 /* Pods-ExpenseTracker.debug.xcconfig */ = {isa = PBXFileReference; includeInIndex = 1; lastKnownFileType = text.xcconfig; name = "Pods-ExpenseTracker.debug.xcconfig"; path = "Target Support Files/Pods-ExpenseTracker/Pods-ExpenseTracker.debug.xcconfig"; sourceTree = "<group>"; };
/* End PBXFileReference section */

/* Begin PBXFrameworksBuildPhase section */
		E22C271226779E4300C7688F /* Frameworks */ = {
			isa = PBXFrameworksBuildPhase;
			buildActionMask = 2147483647;
			files = (
				D645623D1F2F2F871A2DDCB5 /* Pods_ExpenseTracker.framework in Frameworks */,
			);
			runOnlyForDeploymentPostprocessing = 0;
		};
		E22C272B26779E4700C7688F /* Frameworks */ = {
			isa = PBXFrameworksBuildPhase;
			buildActionMask = 2147483647;
			files = (
				936C56E102776FC8D9046372 /* Pods_ExpenseTrackerTests.framework in Frameworks */,
			);
			runOnlyForDeploymentPostprocessing = 0;
		};
		E22C273626779E4700C7688F /* Frameworks */ = {
			isa = PBXFrameworksBuildPhase;
			buildActionMask = 2147483647;
			files = (
				8D8B80DF4B66532E7964D892 /* Pods_ExpenseTracker_ExpenseTrackerUITests.framework in Frameworks */,
			);
			runOnlyForDeploymentPostprocessing = 0;
		};
/* End PBXFrameworksBuildPhase section */

/* Begin PBXGroup section */
		0479517BECC76061F63100EA /* Frameworks */ = {
			isa = PBXGroup;
			children = (
				78CA0688C5931DD1567A361E /* Pods_ExpenseTracker.framework */,
				DE609E2E50C8E927F7D76B26 /* Pods_ExpenseTracker_ExpenseTrackerUITests.framework */,
				97F679CFF3C15AEE9435C492 /* Pods_ExpenseTrackerTests.framework */,
			);
			name = Frameworks;
			sourceTree = "<group>";
		};
		E22C270C26779E4300C7688F = {
			isa = PBXGroup;
			children = (
				E22C271726779E4300C7688F /* ExpenseTracker */,
				E22C273126779E4700C7688F /* ExpenseTrackerTests */,
				E22C273C26779E4700C7688F /* ExpenseTrackerUITests */,
				E22C271626779E4300C7688F /* Products */,
				E86AF337D71BD51EBFF84FB1 /* Pods */,
				0479517BECC76061F63100EA /* Frameworks */,
			);
			sourceTree = "<group>";
		};
		E22C271626779E4300C7688F /* Products */ = {
			isa = PBXGroup;
			children = (
				E22C271526779E4300C7688F /* ExpenseTracker.app */,
				E22C272E26779E4700C7688F /* ExpenseTrackerTests.xctest */,
				E22C273926779E4700C7688F /* ExpenseTrackerUITests.xctest */,
			);
			name = Products;
			sourceTree = "<group>";
		};
		E22C271726779E4300C7688F /* ExpenseTracker */ = {
			isa = PBXGroup;
			children = (
				E22C278A2677B03F00C7688F /* Manager */,
				E22C27502677A03400C7688F /* Helpers */,
				E22C274F2677A02B00C7688F /* Protocols */,
				E22C274E2677A02200C7688F /* Models */,
				E22C274D2677A01A00C7688F /* Views */,
				E22C274C2677A01100C7688F /* Controllers */,
				E22C274B26779FF800C7688F /* Resources */,
				E22C272926779E4700C7688F /* Info.plist */,
				E22C272126779E4300C7688F /* ExpenseTracker.xcdatamodeld */,
			);
			path = ExpenseTracker;
			sourceTree = "<group>";
		};
		E22C273126779E4700C7688F /* ExpenseTrackerTests */ = {
			isa = PBXGroup;
			children = (
				E22C273226779E4700C7688F /* ExpenseTrackerTests.swift */,
				E22C273426779E4700C7688F /* Info.plist */,
			);
			path = ExpenseTrackerTests;
			sourceTree = "<group>";
		};
		E22C273C26779E4700C7688F /* ExpenseTrackerUITests */ = {
			isa = PBXGroup;
			children = (
				E22C273D26779E4700C7688F /* ExpenseTrackerUITests.swift */,
				E22C273F26779E4700C7688F /* Info.plist */,
			);
			path = ExpenseTrackerUITests;
			sourceTree = "<group>";
		};
		E22C274B26779FF800C7688F /* Resources */ = {
			isa = PBXGroup;
			children = (
				E22C272426779E4700C7688F /* Assets.xcassets */,
				E22C271826779E4300C7688F /* AppDelegate.swift */,
				E22C271A26779E4300C7688F /* SceneDelegate.swift */,
			);
			path = Resources;
			sourceTree = "<group>";
		};
		E22C274C2677A01100C7688F /* Controllers */ = {
			isa = PBXGroup;
			children = (
				E22C27532677A05C00C7688F /* Other */,
				E22C27522677A04900C7688F /* Expenses */,
				E22C27512677A04200C7688F /* Core */,
			);
			path = Controllers;
			sourceTree = "<group>";
		};
		E22C274D2677A01A00C7688F /* Views */ = {
			isa = PBXGroup;
			children = (
				E22C27572677A12C00C7688F /* Table Views */,
				E22C27562677A12400C7688F /* Other */,
				E22C27552677A11D00C7688F /* Expenses */,
				E22C27542677A11600C7688F /* Core */,
				E22C272626779E4700C7688F /* LaunchScreen.storyboard */,
			);
			path = Views;
			sourceTree = "<group>";
		};
		E22C274E2677A02200C7688F /* Models */ = {
			isa = PBXGroup;
			children = (
			);
			path = Models;
			sourceTree = "<group>";
		};
		E22C274F2677A02B00C7688F /* Protocols */ = {
			isa = PBXGroup;
			children = (
			);
			path = Protocols;
			sourceTree = "<group>";
		};
		E22C27502677A03400C7688F /* Helpers */ = {
			isa = PBXGroup;
			children = (
			);
			path = Helpers;
			sourceTree = "<group>";
		};
		E22C27512677A04200C7688F /* Core */ = {
			isa = PBXGroup;
			children = (
				E22C271C26779E4300C7688F /* HomeViewController.swift */,
				E22C27582677A14900C7688F /* SettingsViewController.swift */,
				E22C275A2677A15900C7688F /* AddExpenseViewController.swift */,
				E22C275C2677A16800C7688F /* StatisticsViewController.swift */,
				E22C275E2677A22F00C7688F /* TabBarViewController.swift */,
				E22C27602677A2C900C7688F /* ProfileViewController.swift */,
			);
			path = Core;
			sourceTree = "<group>";
		};
		E22C27522677A04900C7688F /* Expenses */ = {
			isa = PBXGroup;
			children = (
			);
			path = Expenses;
			sourceTree = "<group>";
		};
		E22C27532677A05C00C7688F /* Other */ = {
			isa = PBXGroup;
			children = (
				E22C276E2677A82800C7688F /* CategoryViewController.swift */,
				E22C27702677A83000C7688F /* PaymentViewController.swift */,
				E22C27722677A83800C7688F /* NotesViewController.swift */,
				E22C27742677A86E00C7688F /* LocationViewController.swift */,
				E22C27762677A88D00C7688F /* CalenderViewController.swift */,
				E22C27782677A8B800C7688F /* ScannerViewController.swift */,
				E22C27882677B01000C7688F /* ResultsViewController.swift */,
			);
			path = Other;
			sourceTree = "<group>";
		};
		E22C27542677A11600C7688F /* Core */ = {
			isa = PBXGroup;
			children = (
				E22C27622677A44000C7688F /* HomeView.swift */,
				E22C27642677A44D00C7688F /* SettingsView.swift */,
				E22C27662677A45A00C7688F /* StatisticsView.swift */,
				E22C27682677A46500C7688F /* AddExpenseView.swift */,
				E22C276A2677A47300C7688F /* ProfileView.swift */,
			);
			path = Core;
			sourceTree = "<group>";
		};
		E22C27552677A11D00C7688F /* Expenses */ = {
			isa = PBXGroup;
			children = (
			);
			path = Expenses;
			sourceTree = "<group>";
		};
		E22C27562677A12400C7688F /* Other */ = {
			isa = PBXGroup;
			children = (
				E22C277C2677AC8A00C7688F /* CategoryView.swift */,
				E22C27802677AE1900C7688F /* PaymentView.swift */,
				E22C27842677AF9100C7688F /* NotesView.swift */,
				E22C27862677AFC500C7688F /* LocationView.swift */,
			);
			path = Other;
			sourceTree = "<group>";
		};
		E22C27572677A12C00C7688F /* Table Views */ = {
			isa = PBXGroup;
			children = (
				E22C276C2677A7A500C7688F /* AddTransactionTableViewCellTableViewCell.swift */,
				E22C277A2677AAC000C7688F /* SettingsTableViewCell.swift */,
				E22C277E2677AD3600C7688F /* CategoriesTableViewCell.swift */,
				E22C27822677AE3000C7688F /* PaymentTableViewCell.swift */,
			);
			path = "Table Views";
			sourceTree = "<group>";
		};
		E22C278A2677B03F00C7688F /* Manager */ = {
			isa = PBXGroup;
			children = (
				E22C278B2677B05400C7688F /* GooglePlacesManager.swift */,
			);
			path = Manager;
			sourceTree = "<group>";
		};
		E86AF337D71BD51EBFF84FB1 /* Pods */ = {
			isa = PBXGroup;
			children = (
				E25760D27D6791ADA605D2F8 /* Pods-ExpenseTracker.debug.xcconfig */,
				D76774A7A3DAF3E03B6B90EF /* Pods-ExpenseTracker.release.xcconfig */,
				CFB1DC48774CED700C45E7A2 /* Pods-ExpenseTracker-ExpenseTrackerUITests.debug.xcconfig */,
				7B6EBC2528C0359014FC39F0 /* Pods-ExpenseTracker-ExpenseTrackerUITests.release.xcconfig */,
				209081B6BA54BA5D6B61ACCF /* Pods-ExpenseTrackerTests.debug.xcconfig */,
				BFD5663B15E454457D204B04 /* Pods-ExpenseTrackerTests.release.xcconfig */,
			);
			name = Pods;
			path = Pods;
			sourceTree = "<group>";
		};
/* End PBXGroup section */

/* Begin PBXNativeTarget section */
		E22C271426779E4300C7688F /* ExpenseTracker */ = {
			isa = PBXNativeTarget;
			buildConfigurationList = E22C274226779E4700C7688F /* Build configuration list for PBXNativeTarget "ExpenseTracker" */;
			buildPhases = (
				4562C5BD57EC4119A24068AD /* [CP] Check Pods Manifest.lock */,
				E22C271126779E4300C7688F /* Sources */,
				E22C271226779E4300C7688F /* Frameworks */,
				E22C271326779E4300C7688F /* Resources */,
				58D91991D0BFD7C801F37B54 /* [CP] Embed Pods Frameworks */,
				22BC28CB63E61450995530D3 /* [CP] Copy Pods Resources */,
			);
			buildRules = (
			);
			dependencies = (
			);
			name = ExpenseTracker;
			productName = ExpenseTracker;
			productReference = E22C271526779E4300C7688F /* ExpenseTracker.app */;
			productType = "com.apple.product-type.application";
		};
		E22C272D26779E4700C7688F /* ExpenseTrackerTests */ = {
			isa = PBXNativeTarget;
			buildConfigurationList = E22C274526779E4700C7688F /* Build configuration list for PBXNativeTarget "ExpenseTrackerTests" */;
			buildPhases = (
				96E96173AC33A7509ECCB755 /* [CP] Check Pods Manifest.lock */,
				E22C272A26779E4700C7688F /* Sources */,
				E22C272B26779E4700C7688F /* Frameworks */,
				E22C272C26779E4700C7688F /* Resources */,
			);
			buildRules = (
			);
			dependencies = (
				E22C273026779E4700C7688F /* PBXTargetDependency */,
			);
			name = ExpenseTrackerTests;
			productName = ExpenseTrackerTests;
			productReference = E22C272E26779E4700C7688F /* ExpenseTrackerTests.xctest */;
			productType = "com.apple.product-type.bundle.unit-test";
		};
		E22C273826779E4700C7688F /* ExpenseTrackerUITests */ = {
			isa = PBXNativeTarget;
			buildConfigurationList = E22C274826779E4700C7688F /* Build configuration list for PBXNativeTarget "ExpenseTrackerUITests" */;
			buildPhases = (
				01163148F5FBB6F6774BF829 /* [CP] Check Pods Manifest.lock */,
				E22C273526779E4700C7688F /* Sources */,
				E22C273626779E4700C7688F /* Frameworks */,
				E22C273726779E4700C7688F /* Resources */,
				779176230A6FE4AA7C540612 /* [CP] Embed Pods Frameworks */,
				976973200384AE680F6FBD4A /* [CP] Copy Pods Resources */,
			);
			buildRules = (
			);
			dependencies = (
				E22C273B26779E4700C7688F /* PBXTargetDependency */,
			);
			name = ExpenseTrackerUITests;
			productName = ExpenseTrackerUITests;
			productReference = E22C273926779E4700C7688F /* ExpenseTrackerUITests.xctest */;
			productType = "com.apple.product-type.bundle.ui-testing";
		};
/* End PBXNativeTarget section */

/* Begin PBXProject section */
		E22C270D26779E4300C7688F /* Project object */ = {
			isa = PBXProject;
			attributes = {
				LastSwiftUpdateCheck = 1250;
				LastUpgradeCheck = 1250;
				TargetAttributes = {
					E22C271426779E4300C7688F = {
						CreatedOnToolsVersion = 12.5;
					};
					E22C272D26779E4700C7688F = {
						CreatedOnToolsVersion = 12.5;
						TestTargetID = E22C271426779E4300C7688F;
					};
					E22C273826779E4700C7688F = {
						CreatedOnToolsVersion = 12.5;
						TestTargetID = E22C271426779E4300C7688F;
					};
				};
			};
			buildConfigurationList = E22C271026779E4300C7688F /* Build configuration list for PBXProject "ExpenseTracker" */;
			compatibilityVersion = "Xcode 9.3";
			developmentRegion = en;
			hasScannedForEncodings = 0;
			knownRegions = (
				en,
				Base,
			);
			mainGroup = E22C270C26779E4300C7688F;
			productRefGroup = E22C271626779E4300C7688F /* Products */;
			projectDirPath = "";
			projectRoot = "";
			targets = (
				E22C271426779E4300C7688F /* ExpenseTracker */,
				E22C272D26779E4700C7688F /* ExpenseTrackerTests */,
				E22C273826779E4700C7688F /* ExpenseTrackerUITests */,
			);
		};
/* End PBXProject section */

/* Begin PBXResourcesBuildPhase section */
		E22C271326779E4300C7688F /* Resources */ = {
			isa = PBXResourcesBuildPhase;
			buildActionMask = 2147483647;
			files = (
				E22C272826779E4700C7688F /* LaunchScreen.storyboard in Resources */,
				E22C272526779E4700C7688F /* Assets.xcassets in Resources */,
			);
			runOnlyForDeploymentPostprocessing = 0;
		};
		E22C272C26779E4700C7688F /* Resources */ = {
			isa = PBXResourcesBuildPhase;
			buildActionMask = 2147483647;
			files = (
			);
			runOnlyForDeploymentPostprocessing = 0;
		};
		E22C273726779E4700C7688F /* Resources */ = {
			isa = PBXResourcesBuildPhase;
			buildActionMask = 2147483647;
			files = (
			);
			runOnlyForDeploymentPostprocessing = 0;
		};
/* End PBXResourcesBuildPhase section */

/* Begin PBXShellScriptBuildPhase section */
		01163148F5FBB6F6774BF829 /* [CP] Check Pods Manifest.lock */ = {
			isa = PBXShellScriptBuildPhase;
			buildActionMask = 2147483647;
			files = (
			);
			inputFileListPaths = (
			);
			inputPaths = (
				"${PODS_PODFILE_DIR_PATH}/Podfile.lock",
				"${PODS_ROOT}/Manifest.lock",
			);
			name = "[CP] Check Pods Manifest.lock";
			outputFileListPaths = (
			);
			outputPaths = (
				"$(DERIVED_FILE_DIR)/Pods-ExpenseTracker-ExpenseTrackerUITests-checkManifestLockResult.txt",
			);
			runOnlyForDeploymentPostprocessing = 0;
			shellPath = /bin/sh;
			shellScript = "diff \"${PODS_PODFILE_DIR_PATH}/Podfile.lock\" \"${PODS_ROOT}/Manifest.lock\" > /dev/null\nif [ $? != 0 ] ; then\n    # print error to STDERR\n    echo \"error: The sandbox is not in sync with the Podfile.lock. Run 'pod install' or update your CocoaPods installation.\" >&2\n    exit 1\nfi\n# This output is used by Xcode 'outputs' to avoid re-running this script phase.\necho \"SUCCESS\" > \"${SCRIPT_OUTPUT_FILE_0}\"\n";
			showEnvVarsInLog = 0;
		};
		22BC28CB63E61450995530D3 /* [CP] Copy Pods Resources */ = {
			isa = PBXShellScriptBuildPhase;
			buildActionMask = 2147483647;
			files = (
			);
			inputFileListPaths = (
				"${PODS_ROOT}/Target Support Files/Pods-ExpenseTracker/Pods-ExpenseTracker-resources-${CONFIGURATION}-input-files.xcfilelist",
			);
			name = "[CP] Copy Pods Resources";
			outputFileListPaths = (
				"${PODS_ROOT}/Target Support Files/Pods-ExpenseTracker/Pods-ExpenseTracker-resources-${CONFIGURATION}-output-files.xcfilelist",
			);
			runOnlyForDeploymentPostprocessing = 0;
			shellPath = /bin/sh;
			shellScript = "\"${PODS_ROOT}/Target Support Files/Pods-ExpenseTracker/Pods-ExpenseTracker-resources.sh\"\n";
			showEnvVarsInLog = 0;
		};
		4562C5BD57EC4119A24068AD /* [CP] Check Pods Manifest.lock */ = {
			isa = PBXShellScriptBuildPhase;
			buildActionMask = 2147483647;
			files = (
			);
			inputFileListPaths = (
			);
			inputPaths = (
				"${PODS_PODFILE_DIR_PATH}/Podfile.lock",
				"${PODS_ROOT}/Manifest.lock",
			);
			name = "[CP] Check Pods Manifest.lock";
			outputFileListPaths = (
			);
			outputPaths = (
				"$(DERIVED_FILE_DIR)/Pods-ExpenseTracker-checkManifestLockResult.txt",
			);
			runOnlyForDeploymentPostprocessing = 0;
			shellPath = /bin/sh;
			shellScript = "diff \"${PODS_PODFILE_DIR_PATH}/Podfile.lock\" \"${PODS_ROOT}/Manifest.lock\" > /dev/null\nif [ $? != 0 ] ; then\n    # print error to STDERR\n    echo \"error: The sandbox is not in sync with the Podfile.lock. Run 'pod install' or update your CocoaPods installation.\" >&2\n    exit 1\nfi\n# This output is used by Xcode 'outputs' to avoid re-running this script phase.\necho \"SUCCESS\" > \"${SCRIPT_OUTPUT_FILE_0}\"\n";
			showEnvVarsInLog = 0;
		};
		58D91991D0BFD7C801F37B54 /* [CP] Embed Pods Frameworks */ = {
			isa = PBXShellScriptBuildPhase;
			buildActionMask = 2147483647;
			files = (
			);
			inputFileListPaths = (
				"${PODS_ROOT}/Target Support Files/Pods-ExpenseTracker/Pods-ExpenseTracker-frameworks-${CONFIGURATION}-input-files.xcfilelist",
			);
			name = "[CP] Embed Pods Frameworks";
			outputFileListPaths = (
				"${PODS_ROOT}/Target Support Files/Pods-ExpenseTracker/Pods-ExpenseTracker-frameworks-${CONFIGURATION}-output-files.xcfilelist",
			);
			runOnlyForDeploymentPostprocessing = 0;
			shellPath = /bin/sh;
			shellScript = "\"${PODS_ROOT}/Target Support Files/Pods-ExpenseTracker/Pods-ExpenseTracker-frameworks.sh\"\n";
			showEnvVarsInLog = 0;
		};
		779176230A6FE4AA7C540612 /* [CP] Embed Pods Frameworks */ = {
			isa = PBXShellScriptBuildPhase;
			buildActionMask = 2147483647;
			files = (
			);
			inputFileListPaths = (
				"${PODS_ROOT}/Target Support Files/Pods-ExpenseTracker-ExpenseTrackerUITests/Pods-ExpenseTracker-ExpenseTrackerUITests-frameworks-${CONFIGURATION}-input-files.xcfilelist",
			);
			name = "[CP] Embed Pods Frameworks";
			outputFileListPaths = (
				"${PODS_ROOT}/Target Support Files/Pods-ExpenseTracker-ExpenseTrackerUITests/Pods-ExpenseTracker-ExpenseTrackerUITests-frameworks-${CONFIGURATION}-output-files.xcfilelist",
			);
			runOnlyForDeploymentPostprocessing = 0;
			shellPath = /bin/sh;
			shellScript = "\"${PODS_ROOT}/Target Support Files/Pods-ExpenseTracker-ExpenseTrackerUITests/Pods-ExpenseTracker-ExpenseTrackerUITests-frameworks.sh\"\n";
			showEnvVarsInLog = 0;
		};
		96E96173AC33A7509ECCB755 /* [CP] Check Pods Manifest.lock */ = {
			isa = PBXShellScriptBuildPhase;
			buildActionMask = 2147483647;
			files = (
			);
			inputFileListPaths = (
			);
			inputPaths = (
				"${PODS_PODFILE_DIR_PATH}/Podfile.lock",
				"${PODS_ROOT}/Manifest.lock",
			);
			name = "[CP] Check Pods Manifest.lock";
			outputFileListPaths = (
			);
			outputPaths = (
				"$(DERIVED_FILE_DIR)/Pods-ExpenseTrackerTests-checkManifestLockResult.txt",
			);
			runOnlyForDeploymentPostprocessing = 0;
			shellPath = /bin/sh;
			shellScript = "diff \"${PODS_PODFILE_DIR_PATH}/Podfile.lock\" \"${PODS_ROOT}/Manifest.lock\" > /dev/null\nif [ $? != 0 ] ; then\n    # print error to STDERR\n    echo \"error: The sandbox is not in sync with the Podfile.lock. Run 'pod install' or update your CocoaPods installation.\" >&2\n    exit 1\nfi\n# This output is used by Xcode 'outputs' to avoid re-running this script phase.\necho \"SUCCESS\" > \"${SCRIPT_OUTPUT_FILE_0}\"\n";
			showEnvVarsInLog = 0;
		};
		976973200384AE680F6FBD4A /* [CP] Copy Pods Resources */ = {
			isa = PBXShellScriptBuildPhase;
			buildActionMask = 2147483647;
			files = (
			);
			inputFileListPaths = (
				"${PODS_ROOT}/Target Support Files/Pods-ExpenseTracker-ExpenseTrackerUITests/Pods-ExpenseTracker-ExpenseTrackerUITests-resources-${CONFIGURATION}-input-files.xcfilelist",
			);
			name = "[CP] Copy Pods Resources";
			outputFileListPaths = (
				"${PODS_ROOT}/Target Support Files/Pods-ExpenseTracker-ExpenseTrackerUITests/Pods-ExpenseTracker-ExpenseTrackerUITests-resources-${CONFIGURATION}-output-files.xcfilelist",
			);
			runOnlyForDeploymentPostprocessing = 0;
			shellPath = /bin/sh;
			shellScript = "\"${PODS_ROOT}/Target Support Files/Pods-ExpenseTracker-ExpenseTrackerUITests/Pods-ExpenseTracker-ExpenseTrackerUITests-resources.sh\"\n";
			showEnvVarsInLog = 0;
		};
/* End PBXShellScriptBuildPhase section */

/* Begin PBXSourcesBuildPhase section */
		E22C271126779E4300C7688F /* Sources */ = {
			isa = PBXSourcesBuildPhase;
			buildActionMask = 2147483647;
			files = (
				E22C27772677A88D00C7688F /* CalenderViewController.swift in Sources */,
				E22C27692677A46500C7688F /* AddExpenseView.swift in Sources */,
				E22C275F2677A22F00C7688F /* TabBarViewController.swift in Sources */,
				E22C276D2677A7A500C7688F /* AddTransactionTableViewCellTableViewCell.swift in Sources */,
				E22C27672677A45A00C7688F /* StatisticsView.swift in Sources */,
				E22C276F2677A82800C7688F /* CategoryViewController.swift in Sources */,
				E22C27832677AE3000C7688F /* PaymentTableViewCell.swift in Sources */,
				E22C27892677B01000C7688F /* ResultsViewController.swift in Sources */,
				E22C277B2677AAC000C7688F /* SettingsTableViewCell.swift in Sources */,
				E22C271D26779E4300C7688F /* HomeViewController.swift in Sources */,
				E22C27792677A8B800C7688F /* ScannerViewController.swift in Sources */,
				E22C275B2677A15900C7688F /* AddExpenseViewController.swift in Sources */,
				E22C27752677A86E00C7688F /* LocationViewController.swift in Sources */,
				E22C27712677A83000C7688F /* PaymentViewController.swift in Sources */,
				E22C27632677A44100C7688F /* HomeView.swift in Sources */,
				E22C271926779E4300C7688F /* AppDelegate.swift in Sources */,
				E22C271B26779E4300C7688F /* SceneDelegate.swift in Sources */,
				E22C27592677A14900C7688F /* SettingsViewController.swift in Sources */,
				E22C27852677AF9100C7688F /* NotesView.swift in Sources */,
				E22C27612677A2C900C7688F /* ProfileViewController.swift in Sources */,
				E22C277F2677AD3600C7688F /* CategoriesTableViewCell.swift in Sources */,
				E22C272326779E4300C7688F /* ExpenseTracker.xcdatamodeld in Sources */,
				E22C277D2677AC8A00C7688F /* CategoryView.swift in Sources */,
				E22C27732677A83800C7688F /* NotesViewController.swift in Sources */,
				E22C278C2677B05400C7688F /* GooglePlacesManager.swift in Sources */,
				E22C275D2677A16800C7688F /* StatisticsViewController.swift in Sources */,
				E22C276B2677A47300C7688F /* ProfileView.swift in Sources */,
				E22C27872677AFC500C7688F /* LocationView.swift in Sources */,
				E22C27812677AE1900C7688F /* PaymentView.swift in Sources */,
				E22C27652677A44D00C7688F /* SettingsView.swift in Sources */,
			);
			runOnlyForDeploymentPostprocessing = 0;
		};
		E22C272A26779E4700C7688F /* Sources */ = {
			isa = PBXSourcesBuildPhase;
			buildActionMask = 2147483647;
			files = (
				E22C273326779E4700C7688F /* ExpenseTrackerTests.swift in Sources */,
			);
			runOnlyForDeploymentPostprocessing = 0;
		};
		E22C273526779E4700C7688F /* Sources */ = {
			isa = PBXSourcesBuildPhase;
			buildActionMask = 2147483647;
			files = (
				E22C273E26779E4700C7688F /* ExpenseTrackerUITests.swift in Sources */,
			);
			runOnlyForDeploymentPostprocessing = 0;
		};
/* End PBXSourcesBuildPhase section */

/* Begin PBXTargetDependency section */
		E22C273026779E4700C7688F /* PBXTargetDependency */ = {
			isa = PBXTargetDependency;
			target = E22C271426779E4300C7688F /* ExpenseTracker */;
			targetProxy = E22C272F26779E4700C7688F /* PBXContainerItemProxy */;
		};
		E22C273B26779E4700C7688F /* PBXTargetDependency */ = {
			isa = PBXTargetDependency;
			target = E22C271426779E4300C7688F /* ExpenseTracker */;
			targetProxy = E22C273A26779E4700C7688F /* PBXContainerItemProxy */;
		};
/* End PBXTargetDependency section */

/* Begin PBXVariantGroup section */
		E22C272626779E4700C7688F /* LaunchScreen.storyboard */ = {
			isa = PBXVariantGroup;
			children = (
				E22C272726779E4700C7688F /* Base */,
			);
			name = LaunchScreen.storyboard;
			sourceTree = "<group>";
		};
/* End PBXVariantGroup section */

/* Begin XCBuildConfiguration section */
		E22C274026779E4700C7688F /* Debug */ = {
			isa = XCBuildConfiguration;
			buildSettings = {
				ALWAYS_SEARCH_USER_PATHS = NO;
				CLANG_ANALYZER_NONNULL = YES;
				CLANG_ANALYZER_NUMBER_OBJECT_CONVERSION = YES_AGGRESSIVE;
				CLANG_CXX_LANGUAGE_STANDARD = "gnu++14";
				CLANG_CXX_LIBRARY = "libc++";
				CLANG_ENABLE_MODULES = YES;
				CLANG_ENABLE_OBJC_ARC = YES;
				CLANG_ENABLE_OBJC_WEAK = YES;
				CLANG_WARN_BLOCK_CAPTURE_AUTORELEASING = YES;
				CLANG_WARN_BOOL_CONVERSION = YES;
				CLANG_WARN_COMMA = YES;
				CLANG_WARN_CONSTANT_CONVERSION = YES;
				CLANG_WARN_DEPRECATED_OBJC_IMPLEMENTATIONS = YES;
				CLANG_WARN_DIRECT_OBJC_ISA_USAGE = YES_ERROR;
				CLANG_WARN_DOCUMENTATION_COMMENTS = YES;
				CLANG_WARN_EMPTY_BODY = YES;
				CLANG_WARN_ENUM_CONVERSION = YES;
				CLANG_WARN_INFINITE_RECURSION = YES;
				CLANG_WARN_INT_CONVERSION = YES;
				CLANG_WARN_NON_LITERAL_NULL_CONVERSION = YES;
				CLANG_WARN_OBJC_IMPLICIT_RETAIN_SELF = YES;
				CLANG_WARN_OBJC_LITERAL_CONVERSION = YES;
				CLANG_WARN_OBJC_ROOT_CLASS = YES_ERROR;
				CLANG_WARN_QUOTED_INCLUDE_IN_FRAMEWORK_HEADER = YES;
				CLANG_WARN_RANGE_LOOP_ANALYSIS = YES;
				CLANG_WARN_STRICT_PROTOTYPES = YES;
				CLANG_WARN_SUSPICIOUS_MOVE = YES;
				CLANG_WARN_UNGUARDED_AVAILABILITY = YES_AGGRESSIVE;
				CLANG_WARN_UNREACHABLE_CODE = YES;
				CLANG_WARN__DUPLICATE_METHOD_MATCH = YES;
				COPY_PHASE_STRIP = NO;
				DEBUG_INFORMATION_FORMAT = dwarf;
				ENABLE_STRICT_OBJC_MSGSEND = YES;
				ENABLE_TESTABILITY = YES;
				GCC_C_LANGUAGE_STANDARD = gnu11;
				GCC_DYNAMIC_NO_PIC = NO;
				GCC_NO_COMMON_BLOCKS = YES;
				GCC_OPTIMIZATION_LEVEL = 0;
				GCC_PREPROCESSOR_DEFINITIONS = (
					"DEBUG=1",
					"$(inherited)",
				);
				GCC_WARN_64_TO_32_BIT_CONVERSION = YES;
				GCC_WARN_ABOUT_RETURN_TYPE = YES_ERROR;
				GCC_WARN_UNDECLARED_SELECTOR = YES;
				GCC_WARN_UNINITIALIZED_AUTOS = YES_AGGRESSIVE;
				GCC_WARN_UNUSED_FUNCTION = YES;
				GCC_WARN_UNUSED_VARIABLE = YES;
				IPHONEOS_DEPLOYMENT_TARGET = 14.5;
				MTL_ENABLE_DEBUG_INFO = INCLUDE_SOURCE;
				MTL_FAST_MATH = YES;
				ONLY_ACTIVE_ARCH = YES;
				SDKROOT = iphoneos;
				SWIFT_ACTIVE_COMPILATION_CONDITIONS = DEBUG;
				SWIFT_OPTIMIZATION_LEVEL = "-Onone";
			};
			name = Debug;
		};
		E22C274126779E4700C7688F /* Release */ = {
			isa = XCBuildConfiguration;
			buildSettings = {
				ALWAYS_SEARCH_USER_PATHS = NO;
				CLANG_ANALYZER_NONNULL = YES;
				CLANG_ANALYZER_NUMBER_OBJECT_CONVERSION = YES_AGGRESSIVE;
				CLANG_CXX_LANGUAGE_STANDARD = "gnu++14";
				CLANG_CXX_LIBRARY = "libc++";
				CLANG_ENABLE_MODULES = YES;
				CLANG_ENABLE_OBJC_ARC = YES;
				CLANG_ENABLE_OBJC_WEAK = YES;
				CLANG_WARN_BLOCK_CAPTURE_AUTORELEASING = YES;
				CLANG_WARN_BOOL_CONVERSION = YES;
				CLANG_WARN_COMMA = YES;
				CLANG_WARN_CONSTANT_CONVERSION = YES;
				CLANG_WARN_DEPRECATED_OBJC_IMPLEMENTATIONS = YES;
				CLANG_WARN_DIRECT_OBJC_ISA_USAGE = YES_ERROR;
				CLANG_WARN_DOCUMENTATION_COMMENTS = YES;
				CLANG_WARN_EMPTY_BODY = YES;
				CLANG_WARN_ENUM_CONVERSION = YES;
				CLANG_WARN_INFINITE_RECURSION = YES;
				CLANG_WARN_INT_CONVERSION = YES;
				CLANG_WARN_NON_LITERAL_NULL_CONVERSION = YES;
				CLANG_WARN_OBJC_IMPLICIT_RETAIN_SELF = YES;
				CLANG_WARN_OBJC_LITERAL_CONVERSION = YES;
				CLANG_WARN_OBJC_ROOT_CLASS = YES_ERROR;
				CLANG_WARN_QUOTED_INCLUDE_IN_FRAMEWORK_HEADER = YES;
				CLANG_WARN_RANGE_LOOP_ANALYSIS = YES;
				CLANG_WARN_STRICT_PROTOTYPES = YES;
				CLANG_WARN_SUSPICIOUS_MOVE = YES;
				CLANG_WARN_UNGUARDED_AVAILABILITY = YES_AGGRESSIVE;
				CLANG_WARN_UNREACHABLE_CODE = YES;
				CLANG_WARN__DUPLICATE_METHOD_MATCH = YES;
				COPY_PHASE_STRIP = NO;
				DEBUG_INFORMATION_FORMAT = "dwarf-with-dsym";
				ENABLE_NS_ASSERTIONS = NO;
				ENABLE_STRICT_OBJC_MSGSEND = YES;
				GCC_C_LANGUAGE_STANDARD = gnu11;
				GCC_NO_COMMON_BLOCKS = YES;
				GCC_WARN_64_TO_32_BIT_CONVERSION = YES;
				GCC_WARN_ABOUT_RETURN_TYPE = YES_ERROR;
				GCC_WARN_UNDECLARED_SELECTOR = YES;
				GCC_WARN_UNINITIALIZED_AUTOS = YES_AGGRESSIVE;
				GCC_WARN_UNUSED_FUNCTION = YES;
				GCC_WARN_UNUSED_VARIABLE = YES;
				IPHONEOS_DEPLOYMENT_TARGET = 14.5;
				MTL_ENABLE_DEBUG_INFO = NO;
				MTL_FAST_MATH = YES;
				SDKROOT = iphoneos;
				SWIFT_COMPILATION_MODE = wholemodule;
				SWIFT_OPTIMIZATION_LEVEL = "-O";
				VALIDATE_PRODUCT = YES;
			};
			name = Release;
		};
		E22C274326779E4700C7688F /* Debug */ = {
			isa = XCBuildConfiguration;
			baseConfigurationReference = E25760D27D6791ADA605D2F8 /* Pods-ExpenseTracker.debug.xcconfig */;
			buildSettings = {
				ASSETCATALOG_COMPILER_APPICON_NAME = AppIcon;
				ASSETCATALOG_COMPILER_GLOBAL_ACCENT_COLOR_NAME = AccentColor;
				CODE_SIGN_STYLE = Automatic;
				DEVELOPMENT_TEAM = 2YN5LS6ZD4;
				INFOPLIST_FILE = ExpenseTracker/Info.plist;
				LD_RUNPATH_SEARCH_PATHS = (
					"$(inherited)",
					"@executable_path/Frameworks",
				);
				PRODUCT_BUNDLE_IDENTIFIER = com.ahmedJaafar.ExpenseTracker;
				PRODUCT_NAME = "$(TARGET_NAME)";
				SWIFT_VERSION = 5.0;
				TARGETED_DEVICE_FAMILY = "1,2";
			};
			name = Debug;
		};
		E22C274426779E4700C7688F /* Release */ = {
			isa = XCBuildConfiguration;
			baseConfigurationReference = D76774A7A3DAF3E03B6B90EF /* Pods-ExpenseTracker.release.xcconfig */;
			buildSettings = {
				ASSETCATALOG_COMPILER_APPICON_NAME = AppIcon;
				ASSETCATALOG_COMPILER_GLOBAL_ACCENT_COLOR_NAME = AccentColor;
				CODE_SIGN_STYLE = Automatic;
				DEVELOPMENT_TEAM = 2YN5LS6ZD4;
				INFOPLIST_FILE = ExpenseTracker/Info.plist;
				LD_RUNPATH_SEARCH_PATHS = (
					"$(inherited)",
					"@executable_path/Frameworks",
				);
				PRODUCT_BUNDLE_IDENTIFIER = com.ahmedJaafar.ExpenseTracker;
				PRODUCT_NAME = "$(TARGET_NAME)";
				SWIFT_VERSION = 5.0;
				TARGETED_DEVICE_FAMILY = "1,2";
			};
			name = Release;
		};
		E22C274626779E4700C7688F /* Debug */ = {
			isa = XCBuildConfiguration;
			baseConfigurationReference = 209081B6BA54BA5D6B61ACCF /* Pods-ExpenseTrackerTests.debug.xcconfig */;
			buildSettings = {
				ALWAYS_EMBED_SWIFT_STANDARD_LIBRARIES = YES;
				BUNDLE_LOADER = "$(TEST_HOST)";
				CODE_SIGN_STYLE = Automatic;
				DEVELOPMENT_TEAM = 2YN5LS6ZD4;
				INFOPLIST_FILE = ExpenseTrackerTests/Info.plist;
				IPHONEOS_DEPLOYMENT_TARGET = 14.5;
				LD_RUNPATH_SEARCH_PATHS = (
					"$(inherited)",
					"@executable_path/Frameworks",
					"@loader_path/Frameworks",
				);
				PRODUCT_BUNDLE_IDENTIFIER = com.ahmedJaafar.ExpenseTrackerTests;
				PRODUCT_NAME = "$(TARGET_NAME)";
				SWIFT_VERSION = 5.0;
				TARGETED_DEVICE_FAMILY = "1,2";
				TEST_HOST = "$(BUILT_PRODUCTS_DIR)/ExpenseTracker.app/ExpenseTracker";
			};
			name = Debug;
		};
		E22C274726779E4700C7688F /* Release */ = {
			isa = XCBuildConfiguration;
			baseConfigurationReference = BFD5663B15E454457D204B04 /* Pods-ExpenseTrackerTests.release.xcconfig */;
			buildSettings = {
				ALWAYS_EMBED_SWIFT_STANDARD_LIBRARIES = YES;
				BUNDLE_LOADER = "$(TEST_HOST)";
				CODE_SIGN_STYLE = Automatic;
				DEVELOPMENT_TEAM = 2YN5LS6ZD4;
				INFOPLIST_FILE = ExpenseTrackerTests/Info.plist;
				IPHONEOS_DEPLOYMENT_TARGET = 14.5;
				LD_RUNPATH_SEARCH_PATHS = (
					"$(inherited)",
					"@executable_path/Frameworks",
					"@loader_path/Frameworks",
				);
				PRODUCT_BUNDLE_IDENTIFIER = com.ahmedJaafar.ExpenseTrackerTests;
				PRODUCT_NAME = "$(TARGET_NAME)";
				SWIFT_VERSION = 5.0;
				TARGETED_DEVICE_FAMILY = "1,2";
				TEST_HOST = "$(BUILT_PRODUCTS_DIR)/ExpenseTracker.app/ExpenseTracker";
			};
			name = Release;
		};
		E22C274926779E4700C7688F /* Debug */ = {
			isa = XCBuildConfiguration;
			baseConfigurationReference = CFB1DC48774CED700C45E7A2 /* Pods-ExpenseTracker-ExpenseTrackerUITests.debug.xcconfig */;
			buildSettings = {
				ALWAYS_EMBED_SWIFT_STANDARD_LIBRARIES = YES;
				CODE_SIGN_STYLE = Automatic;
				DEVELOPMENT_TEAM = 2YN5LS6ZD4;
				INFOPLIST_FILE = ExpenseTrackerUITests/Info.plist;
				LD_RUNPATH_SEARCH_PATHS = (
					"$(inherited)",
					"@executable_path/Frameworks",
					"@loader_path/Frameworks",
				);
				PRODUCT_BUNDLE_IDENTIFIER = com.ahmedJaafar.ExpenseTrackerUITests;
				PRODUCT_NAME = "$(TARGET_NAME)";
				SWIFT_VERSION = 5.0;
				TARGETED_DEVICE_FAMILY = "1,2";
				TEST_TARGET_NAME = ExpenseTracker;
			};
			name = Debug;
		};
		E22C274A26779E4700C7688F /* Release */ = {
			isa = XCBuildConfiguration;
			baseConfigurationReference = 7B6EBC2528C0359014FC39F0 /* Pods-ExpenseTracker-ExpenseTrackerUITests.release.xcconfig */;
			buildSettings = {
				ALWAYS_EMBED_SWIFT_STANDARD_LIBRARIES = YES;
				CODE_SIGN_STYLE = Automatic;
				DEVELOPMENT_TEAM = 2YN5LS6ZD4;
				INFOPLIST_FILE = ExpenseTrackerUITests/Info.plist;
				LD_RUNPATH_SEARCH_PATHS = (
					"$(inherited)",
					"@executable_path/Frameworks",
					"@loader_path/Frameworks",
				);
				PRODUCT_BUNDLE_IDENTIFIER = com.ahmedJaafar.ExpenseTrackerUITests;
				PRODUCT_NAME = "$(TARGET_NAME)";
				SWIFT_VERSION = 5.0;
				TARGETED_DEVICE_FAMILY = "1,2";
				TEST_TARGET_NAME = ExpenseTracker;
			};
			name = Release;
		};
/* End XCBuildConfiguration section */

/* Begin XCConfigurationList section */
		E22C271026779E4300C7688F /* Build configuration list for PBXProject "ExpenseTracker" */ = {
			isa = XCConfigurationList;
			buildConfigurations = (
				E22C274026779E4700C7688F /* Debug */,
				E22C274126779E4700C7688F /* Release */,
			);
			defaultConfigurationIsVisible = 0;
			defaultConfigurationName = Release;
		};
		E22C274226779E4700C7688F /* Build configuration list for PBXNativeTarget "ExpenseTracker" */ = {
			isa = XCConfigurationList;
			buildConfigurations = (
				E22C274326779E4700C7688F /* Debug */,
				E22C274426779E4700C7688F /* Release */,
			);
			defaultConfigurationIsVisible = 0;
			defaultConfigurationName = Release;
		};
		E22C274526779E4700C7688F /* Build configuration list for PBXNativeTarget "ExpenseTrackerTests" */ = {
			isa = XCConfigurationList;
			buildConfigurations = (
				E22C274626779E4700C7688F /* Debug */,
				E22C274726779E4700C7688F /* Release */,
			);
			defaultConfigurationIsVisible = 0;
			defaultConfigurationName = Release;
		};
		E22C274826779E4700C7688F /* Build configuration list for PBXNativeTarget "ExpenseTrackerUITests" */ = {
			isa = XCConfigurationList;
			buildConfigurations = (
				E22C274926779E4700C7688F /* Debug */,
				E22C274A26779E4700C7688F /* Release */,
			);
			defaultConfigurationIsVisible = 0;
			defaultConfigurationName = Release;
		};
/* End XCConfigurationList section */

/* Begin XCVersionGroup section */
		E22C272126779E4300C7688F /* ExpenseTracker.xcdatamodeld */ = {
			isa = XCVersionGroup;
			children = (
				E22C272226779E4300C7688F /* ExpenseTracker.xcdatamodel */,
			);
			currentVersion = E22C272226779E4300C7688F /* ExpenseTracker.xcdatamodel */;
			path = ExpenseTracker.xcdatamodeld;
			sourceTree = "<group>";
			versionGroupType = wrapper.xcdatamodel;
		};
/* End XCVersionGroup section */
	};
	rootObject = E22C270D26779E4300C7688F /* Project object */;
}
